{
  "name": "tape2json",
  "lockfileVersion": 2,
  "requires": true,
  "packages": {
    "": {
      "dependencies": {
        "everpolate": "^0.0.3",
        "fs": "^0.0.1-security"
      }
    },
    "node_modules/everpolate": {
      "version": "0.0.3",
      "resolved": "https://registry.npmjs.org/everpolate/-/everpolate-0.0.3.tgz",
      "integrity": "sha512-pz9Y4PD7tQgqgzfvZWSxjX7SIfvu7+44FM15vCGp7iQoomXVfO1lWU4uNvqb9uOcILtrPxyZmKCAM+U+uHdlsg=="
    },
    "node_modules/fs": {
      "version": "0.0.1-security",
      "resolved": "https://registry.npmjs.org/fs/-/fs-0.0.1-security.tgz",
      "integrity": "sha512-3XY9e1pP0CVEUCdj5BmfIZxRBTSDycnbqhIOGec9QYtmVH2fbLpj86CFWkrNOkt/Fvty4KZG5lTglL9j/gJ87w=="
    }
  },
  "dependencies": {
    "everpolate": {
      "version": "0.0.3",
      "resolved": "https://registry.npmjs.org/everpolate/-/everpolate-0.0.3.tgz",
      "integrity": "sha512-pz9Y4PD7tQgqgzfvZWSxjX7SIfvu7+44FM15vCGp7iQoomXVfO1lWU4uNvqb9uOcILtrPxyZmKCAM+U+uHdlsg=="
    },
    "fs": {
      "version": "0.0.1-security",
      "resolved": "https://registry.npmjs.org/fs/-/fs-0.0.1-security.tgz",
      "integrity": "sha512-3XY9e1pP0CVEUCdj5BmfIZxRBTSDycnbqhIOGec9QYtmVH2fbLpj86CFWkrNOkt/Fvty4KZG5lTglL9j/gJ87w=="
    }
  }
}
